
Microsoft Visual Studio Solution File, Format Version 12.00
# Visual Studio Version 16
VisualStudioVersion = 16.0.29519.87
MinimumVisualStudioVersion = 10.0.40219.1
Project("{FAE04EC0-301F-11D3-BF4B-00C04F79EFBC}") = "AppFinal.Android", "AppFinal\AppFinal.Android\AppFinal.Android.csproj", "{F8E1B7AF-780D-4127-B8BF-69A2A11AF912}"
EndProject
Project("{FAE04EC0-301F-11D3-BF4B-00C04F79EFBC}") = "AppFinal", "AppFinal\AppFinal\AppFinal.csproj", "{81FAC1FB-DC64-4F3C-9E3B-BA99EAA684A5}"
EndProject
Global
	GlobalSection(SolutionConfigurationPlatforms) = preSolution
		Debug|Any CPU = Debug|Any CPU
		Release|Any CPU = Release|Any CPU
	EndGlobalSection
	GlobalSection(ProjectConfigurationPlatforms) = postSolution
		{F8E1B7AF-780D-4127-B8BF-69A2A11AF912}.Debug|Any CPU.ActiveCfg = Debug|Any CPU
		{F8E1B7AF-780D-4127-B8BF-69A2A11AF912}.Debug|Any CPU.Build.0 = Debug|Any CPU
		{F8E1B7AF-780D-4127-B8BF-69A2A11AF912}.Debug|Any CPU.Deploy.0 = Debug|Any CPU
		{F8E1B7AF-780D-4127-B8BF-69A2A11AF912}.Release|Any CPU.ActiveCfg = Release|Any CPU
		{F8E1B7AF-780D-4127-B8BF-69A2A11AF912}.Release|Any CPU.Build.0 = Release|Any CPU
		{F8E1B7AF-780D-4127-B8BF-69A2A11AF912}.Release|Any CPU.Deploy.0 = Release|Any CPU
		{81FAC1FB-DC64-4F3C-9E3B-BA99EAA684A5}.Debug|Any CPU.ActiveCfg = Debug|Any CPU
		{81FAC1FB-DC64-4F3C-9E3B-BA99EAA684A5}.Debug|Any CPU.Build.0 = Debug|Any CPU
		{81FAC1FB-DC64-4F3C-9E3B-BA99EAA684A5}.Debug|Any CPU.Deploy.0 = Debug|Any CPU
		{81FAC1FB-DC64-4F3C-9E3B-BA99EAA684A5}.Release|Any CPU.ActiveCfg = Release|Any CPU
		{81FAC1FB-DC64-4F3C-9E3B-BA99EAA684A5}.Release|Any CPU.Build.0 = Release|Any CPU
		{81FAC1FB-DC64-4F3C-9E3B-BA99EAA684A5}.Release|Any CPU.Deploy.0 = Release|Any CPU
	EndGlobalSection
	GlobalSection(SolutionProperties) = preSolution
		HideSolutionNode = FALSE
	EndGlobalSection
	GlobalSection(ExtensibilityGlobals) = postSolution
		SolutionGuid = {3537EF25-2E20-4034-963E-83BB92955E4A}
	EndGlobalSection
EndGlobal
